{
  "requires": true,
  "lockfileVersion": 1,
  "dependencies": {
    "@babel/polyfill": {
      "version": "7.4.4",
      "resolved": "https://registry.npmjs.org/@babel/polyfill/-/polyfill-7.4.4.tgz",
      "integrity": "sha512-WlthFLfhQQhh+A2Gn5NSFl0Huxz36x86Jn+E9OW7ibK8edKPq+KLy4apM1yDpQ8kJOVi1OVjpP4vSDLdrI04dg==",
      "requires": {
        "core-js": "^2.6.5",
        "regenerator-runtime": "^0.13.2"
      }
    },
    "@jimp/bmp": {
      "version": "0.6.4",
      "resolved": "https://registry.npmjs.org/@jimp/bmp/-/bmp-0.6.4.tgz",
      "integrity": "sha512-dhKM7Cjw4XoOefx3/we2+vWyTP6hQPpM7mEsziGjtsrK2f/e3/+hhHbEsQNgO9BOA1FPJRXAOiYHts9IlMH1mg==",
      "requires": {
        "@jimp/utils": "^0.6.4",
        "bmp-js": "^0.1.0",
        "core-js": "^2.5.7"
      }
    },
    "@jimp/core": {
      "version": "0.6.4",
      "resolved": "https://registry.npmjs.org/@jimp/core/-/core-0.6.4.tgz",
      "integrity": "sha512-nyiAXI8/uU54fGO53KrRB8pdn1s+IODZ+rj0jG2owsNJlTlagFrsZAy8IVTUCOiiXjh9TbwFo7D5XMrmi4KUww==",
      "requires": {
        "@jimp/utils": "^0.6.4",
        "any-base": "^1.1.0",
        "buffer": "^5.2.0",
        "core-js": "^2.5.7",
        "exif-parser": "^0.1.12",
        "file-type": "^9.0.0",
        "load-bmfont": "^1.3.1",
        "mkdirp": "0.5.1",
        "phin": "^2.9.1",
        "pixelmatch": "^4.0.2",
        "tinycolor2": "^1.4.1"
      }
    },
    "@jimp/custom": {
      "version": "0.6.4",
      "resolved": "https://registry.npmjs.org/@jimp/custom/-/custom-0.6.4.tgz",
      "integrity": "sha512-sdBHrBoVr1+PFx4dlUAgXvvu4dG0esQobhg7qhpSLRje1ScavIgE2iXdJKpycgzrqwAOL8vW4/E5w2/rONlaoQ==",
      "requires": {
        "@jimp/core": "^0.6.4",
        "core-js": "^2.5.7"
      }
    },
    "@jimp/gif": {
      "version": "0.6.4",
      "resolved": "https://registry.npmjs.org/@jimp/gif/-/gif-0.6.4.tgz",
      "integrity": "sha512-14mLoyG0UrYJsGNRoXBFvSJdFtBD0BSBwQ1zCNeW+HpQqdl+Kh5E1Pz4nqT2KNylJe1jypyR51Q2yndgcfGVyg==",
      "requires": {
        "@jimp/utils": "^0.6.4",
        "core-js": "^2.5.7",
        "omggif": "^1.0.9"
      }
    },
    "@jimp/jpeg": {
      "version": "0.6.4",
      "resolved": "https://registry.npmjs.org/@jimp/jpeg/-/jpeg-0.6.4.tgz",
      "integrity": "sha512-NrFla9fZC/Bhw1Aa9vJ6cBOqpB5ylEPb9jD+yZ0fzcAw5HwILguS//oXv9EWLApIY1XsOMFFe0XWpY653rv8hw==",
      "requires": {
        "@jimp/utils": "^0.6.4",
        "core-js": "^2.5.7",
        "jpeg-js": "^0.3.4"
      }
    },
    "@jimp/plugin-blit": {
      "version": "0.6.4",
      "resolved": "https://registry.npmjs.org/@jimp/plugin-blit/-/plugin-blit-0.6.4.tgz",
      "integrity": "sha512-suVznd4XozkQIuECX0u8kMl+cAQpZN3WcbWXUcJaVxRi+VBvHIetG1Qs5qGLzuEg9627+kE7ppv0UgZ5mkE6lg==",
      "requires": {
        "@jimp/utils": "^0.6.4",
        "core-js": "^2.5.7"
      }
    },
    "@jimp/plugin-blur": {
      "version": "0.6.4",
      "resolved": "https://registry.npmjs.org/@jimp/plugin-blur/-/plugin-blur-0.6.4.tgz",
      "integrity": "sha512-M2fDMYUUtEKVNnCJZk5J0KSMzzISobmWfnG88RdHXJCkOn98kdawQFwTsYOfJJfCM8jWfhIxwZLFhC/2lkTN2w==",
      "requires": {
        "@jimp/utils": "^0.6.4",
        "core-js": "^2.5.7"
      }
    },
    "@jimp/plugin-color": {
      "version": "0.6.4",
      "resolved": "https://registry.npmjs.org/@jimp/plugin-color/-/plugin-color-0.6.4.tgz",
      "integrity": "sha512-6Nfr2l9KSb6zH2fij8G6fQOw85TTkyRaBlqMvDmsQp/I1IlaDbXzA2C2Eh9jkQYZQDPu61B1MkmlEhJp/TUx6Q==",
      "requires": {
        "@jimp/utils": "^0.6.4",
        "core-js": "^2.5.7",
        "tinycolor2": "^1.4.1"
      }
    },
    "@jimp/plugin-contain": {
      "version": "0.6.4",
      "resolved": "https://registry.npmjs.org/@jimp/plugin-contain/-/plugin-contain-0.6.4.tgz",
      "integrity": "sha512-qI1MxU1noS6NbEPu/bDDeP405aMviuIsfpOz8J3En8IwIwrJV22qt6QIHmF+eyng8CYgivwIPjEPzFzLR566Nw==",
      "requires": {
        "@jimp/utils": "^0.6.4",
        "core-js": "^2.5.7"
      }
    },
    "@jimp/plugin-cover": {
      "version": "0.6.4",
      "resolved": "https://registry.npmjs.org/@jimp/plugin-cover/-/plugin-cover-0.6.4.tgz",
      "integrity": "sha512-z6eafPonj3LJY8cTEfRkXmOfCDi1+f0tbYaNvmiu+OrWJ3Ojw2hMt+BVVvJ8pKe1dWIFkCjxOjyjZWj1gEkaLw==",
      "requires": {
        "@jimp/utils": "^0.6.4",
        "core-js": "^2.5.7"
      }
    },
    "@jimp/plugin-crop": {
      "version": "0.6.4",
      "resolved": "https://registry.npmjs.org/@jimp/plugin-crop/-/plugin-crop-0.6.4.tgz",
      "integrity": "sha512-w9TR+pn+GeWbznscGe2HRkPxInge0whAF3TLPWhPwBVjZChTT8dSDXsUpUlxQqvI4SfzuKp8z3/0SBqYDCzxxA==",
      "requires": {
        "@jimp/utils": "^0.6.4",
        "core-js": "^2.5.7"
      }
    },
    "@jimp/plugin-displace": {
      "version": "0.6.4",
      "resolved": "https://registry.npmjs.org/@jimp/plugin-displace/-/plugin-displace-0.6.4.tgz",
      "integrity": "sha512-MEvtBXOAio/3iGJkKBrTtFs3Q38ez2Wy/wTD0Ruas+L8fjJR7l4mDgV+zjRr57CqB5mpY+L48VEoa2/gNXh9cg==",
      "requires": {
        "@jimp/utils": "^0.6.4",
        "core-js": "^2.5.7"
      }
    },
    "@jimp/plugin-dither": {
      "version": "0.6.4",
      "resolved": "https://registry.npmjs.org/@jimp/plugin-dither/-/plugin-dither-0.6.4.tgz",
      "integrity": "sha512-w+AGLcIMUeJZ4CI0FvFomahgKLcW+ICsLidUNOqyLzceluPAfug4X7vDhQ41pNkzKg0M1+Q1j0aWV8bdyF+LhA==",
      "requires": {
        "@jimp/utils": "^0.6.4",
        "core-js": "^2.5.7"
      }
    },
    "@jimp/plugin-flip": {
      "version": "0.6.4",
      "resolved": "https://registry.npmjs.org/@jimp/plugin-flip/-/plugin-flip-0.6.4.tgz",
      "integrity": "sha512-ukINMegMUM9KYjyDCiyYKYdSsbhNRLHDwOJN0xVRalmOKqNaZmjNbiMbaVxKlYt6sHW76RhSMOekw9f6GQB9tQ==",
      "requires": {
        "@jimp/utils": "^0.6.4",
        "core-js": "^2.5.7"
      }
    },
    "@jimp/plugin-gaussian": {
      "version": "0.6.4",
      "resolved": "https://registry.npmjs.org/@jimp/plugin-gaussian/-/plugin-gaussian-0.6.4.tgz",
      "integrity": "sha512-C1P6ohzIddpNb7CX5X+ygbp+ow8Fpt64ZLoIgdjYPs/42HxKluvY62fVfMhY6m5zUGKIMbg0uYeAtz/9LRJPyw==",
      "requires": {
        "@jimp/utils": "^0.6.4",
        "core-js": "^2.5.7"
      }
    },
    "@jimp/plugin-invert": {
      "version": "0.6.4",
      "resolved": "https://registry.npmjs.org/@jimp/plugin-invert/-/plugin-invert-0.6.4.tgz",
      "integrity": "sha512-sleGz1jXaNEsP/5Ayqw8oez/6KesWcyCqovIuK4Z4kDmMc2ncuhsXIJQXDWtIF4tTQVzNEgrxUDNA4bi9xpCUA==",
      "requires": {
        "@jimp/utils": "^0.6.4",
        "core-js": "^2.5.7"
      }
    },
    "@jimp/plugin-mask": {
      "version": "0.6.4",
      "resolved": "https://registry.npmjs.org/@jimp/plugin-mask/-/plugin-mask-0.6.4.tgz",
      "integrity": "sha512-3D4FbRxnpO9nzwa6cF8AImgO1aVReYbfRRO4I4bku4/iZ+kuU3fBLV+SRhB4c7di3ejG5u+rGsIfaNc94iYYvw==",
      "requires": {
        "@jimp/utils": "^0.6.4",
        "core-js": "^2.5.7"
      }
    },
    "@jimp/plugin-normalize": {
      "version": "0.6.4",
      "resolved": "https://registry.npmjs.org/@jimp/plugin-normalize/-/plugin-normalize-0.6.4.tgz",
      "integrity": "sha512-nOFMwOaVkOKArHkD/T6/1HKAPj3jlW6l0JduVDn1A5eIPCtlnyhlE9zdjgi5Q9IBR/gRjwW6tTzBKuJenS51kg==",
      "requires": {
        "@jimp/utils": "^0.6.4",
        "core-js": "^2.5.7"
      }
    },
    "@jimp/plugin-print": {
      "version": "0.6.4",
      "resolved": "https://registry.npmjs.org/@jimp/plugin-print/-/plugin-print-0.6.4.tgz",
      "integrity": "sha512-3z5DLVCKg0NfZhHATEaYH/4XanIboPP1pOUoxIUeF++qOnGiGgH2giFJlRprHmx2l3E3DukR1v8pt54PGvfrFw==",
      "requires": {
        "@jimp/utils": "^0.6.4",
        "core-js": "^2.5.7",
        "load-bmfont": "^1.4.0"
      }
    },
    "@jimp/plugin-resize": {
      "version": "0.6.4",
      "resolved": "https://registry.npmjs.org/@jimp/plugin-resize/-/plugin-resize-0.6.4.tgz",
      "integrity": "sha512-fk2+KheUNClrOWj6aDNWj1r4byVQb6Qxy4aT1UHX5GXPHDA+nhlej7ghaYdzeWZYodeM3lpasYtByu1XE2qScQ==",
      "requires": {
        "@jimp/utils": "^0.6.4",
        "core-js": "^2.5.7"
      }
    },
    "@jimp/plugin-rotate": {
      "version": "0.6.4",
      "resolved": "https://registry.npmjs.org/@jimp/plugin-rotate/-/plugin-rotate-0.6.4.tgz",
      "integrity": "sha512-44VgV5D4xQIYInJAVevdW9J3SOhGKyz0OEr2ciA8Q3ktonKx0O5Q1g2kbruiqxFSkK/u2CKPLeKXZzYCFrmJGQ==",
      "requires": {
        "@jimp/utils": "^0.6.4",
        "core-js": "^2.5.7"
      }
    },
    "@jimp/plugin-scale": {
      "version": "0.6.4",
      "resolved": "https://registry.npmjs.org/@jimp/plugin-scale/-/plugin-scale-0.6.4.tgz",
      "integrity": "sha512-RAQRaDiCHmEz+A8QS5d/Z38EnlNsQizz3Mu3NsjA8uFtJsv1yMKWXZSQuzniofZw8tlMV6oI3VdM0eQVE07/5w==",
      "requires": {
        "@jimp/utils": "^0.6.4",
        "core-js": "^2.5.7"
      }
    },
    "@jimp/plugins": {
      "version": "0.6.4",
      "resolved": "https://registry.npmjs.org/@jimp/plugins/-/plugins-0.6.4.tgz",
      "integrity": "sha512-NpO/87CKnF4Q9r8gMl6w+jPKOM/C089qExkViD9cPvcFZEnyVOu7ucGzcMmTcabWOU62iQTOkRViPYr6XaK0LQ==",
      "requires": {
        "@jimp/plugin-blit": "^0.6.4",
        "@jimp/plugin-blur": "^0.6.4",
        "@jimp/plugin-color": "^0.6.4",
        "@jimp/plugin-contain": "^0.6.4",
        "@jimp/plugin-cover": "^0.6.4",
        "@jimp/plugin-crop": "^0.6.4",
        "@jimp/plugin-displace": "^0.6.4",
        "@jimp/plugin-dither": "^0.6.4",
        "@jimp/plugin-flip": "^0.6.4",
        "@jimp/plugin-gaussian": "^0.6.4",
        "@jimp/plugin-invert": "^0.6.4",
        "@jimp/plugin-mask": "^0.6.4",
        "@jimp/plugin-normalize": "^0.6.4",
        "@jimp/plugin-print": "^0.6.4",
        "@jimp/plugin-resize": "^0.6.4",
        "@jimp/plugin-rotate": "^0.6.4",
        "@jimp/plugin-scale": "^0.6.4",
        "core-js": "^2.5.7",
        "timm": "^1.6.1"
      }
    },
    "@jimp/png": {
      "version": "0.6.4",
      "resolved": "https://registry.npmjs.org/@jimp/png/-/png-0.6.4.tgz",
      "integrity": "sha512-qv3oo6ll3XWVIToBwVC1wQX0MFKwpxbe2o+1ld9B4ZDavqvAHzalzcmTd/iyooI85CVDAcC3RRDo66oiizGZCQ==",
      "requires": {
        "@jimp/utils": "^0.6.4",
        "core-js": "^2.5.7",
        "pngjs": "^3.3.3"
      }
    },
    "@jimp/tiff": {
      "version": "0.6.4",
      "resolved": "https://registry.npmjs.org/@jimp/tiff/-/tiff-0.6.4.tgz",
      "integrity": "sha512-8/vD4qleexmhPdppiu6fSstj/n/kGNTn8iIlf1emiqOuMN2PL9q5GOPDWU0xWdGNyJMMIDXJPgUFUkKfqXdg7w==",
      "requires": {
        "core-js": "^2.5.7",
        "utif": "^2.0.1"
      }
    },
    "@jimp/types": {
      "version": "0.6.4",
      "resolved": "https://registry.npmjs.org/@jimp/types/-/types-0.6.4.tgz",
      "integrity": "sha512-/EMbipQDg5U6DnBAgcSiydlMBRYoKhnaK7MJRImeTzhDJ6xfgNOF7lYq66o0kmaezKdG/cIwZ1CLecn2y3D8SQ==",
      "requires": {
        "@jimp/bmp": "^0.6.4",
        "@jimp/gif": "^0.6.4",
        "@jimp/jpeg": "^0.6.4",
        "@jimp/png": "^0.6.4",
        "@jimp/tiff": "^0.6.4",
        "core-js": "^2.5.7",
        "timm": "^1.6.1"
      }
    },
    "@jimp/utils": {
      "version": "0.6.4",
      "resolved": "https://registry.npmjs.org/@jimp/utils/-/utils-0.6.4.tgz",
      "integrity": "sha512-EFQurCyEnZLSM2Q1BYDTUmsOJPSOYEQd18Fvq8bGo8hnBHoGLWLWWyNi2l4cYhtpKmIXyhvQqa6/WaEpKPzvqA==",
      "requires": {
        "core-js": "^2.5.7"
      }
    },
    "abstract-leveldown": {
      "version": "0.12.4",
      "resolved": "https://registry.npmjs.org/abstract-leveldown/-/abstract-leveldown-0.12.4.tgz",
      "integrity": "sha1-KeGOYy5g5OIh1YECR4UqY9ey5BA=",
      "requires": {
        "xtend": "~3.0.0"
      },
      "dependencies": {
        "xtend": {
          "version": "3.0.0",
          "resolved": "https://registry.npmjs.org/xtend/-/xtend-3.0.0.tgz",
          "integrity": "sha1-XM50B7r2Qsunvs2laBEcST9ZZlo="
        }
      }
    },
    "any-base": {
      "version": "1.1.0",
      "resolved": "https://registry.npmjs.org/any-base/-/any-base-1.1.0.tgz",
      "integrity": "sha512-uMgjozySS8adZZYePpaWs8cxB9/kdzmpX6SgJZ+wbz1K5eYk5QMYDVJaZKhxyIHUdnnJkfR7SVgStgH7LkGUyg=="
    },
    "base64-js": {
      "version": "1.3.0",
      "resolved": "https://registry.npmjs.org/base64-js/-/base64-js-1.3.0.tgz",
      "integrity": "sha512-ccav/yGvoa80BQDljCxsmmQ3Xvx60/UpBIij5QN21W3wBi/hhIC9OoO+KLpu9IJTS9j4DRVJ3aDDF9cMSoa2lw=="
    },
    "bmp-js": {
      "version": "0.1.0",
      "resolved": "https://registry.npmjs.org/bmp-js/-/bmp-js-0.1.0.tgz",
      "integrity": "sha1-4Fpj95amwf8l9Hcex62twUjAcjM="
    },
    "buffer": {
      "version": "5.2.1",
      "resolved": "https://registry.npmjs.org/buffer/-/buffer-5.2.1.tgz",
      "integrity": "sha512-c+Ko0loDaFfuPWiL02ls9Xd3GO3cPVmUobQ6t3rXNUk304u6hGq+8N/kFi+QEIKhzK3uwolVhLzszmfLmMLnqg==",
      "requires": {
        "base64-js": "^1.0.2",
        "ieee754": "^1.1.4"
      }
    },
    "buffer-equal": {
      "version": "0.0.1",
      "resolved": "https://registry.npmjs.org/buffer-equal/-/buffer-equal-0.0.1.tgz",
      "integrity": "sha1-kbx0sR6kBbyRa8aqkI+q+ltKrEs="
    },
    "core-js": {
      "version": "2.6.9",
      "resolved": "https://registry.npmjs.org/core-js/-/core-js-2.6.9.tgz",
      "integrity": "sha512-HOpZf6eXmnl7la+cUdMnLvUxKNqLUzJvgIziQ0DiF3JwSImNphIqdGqzj6hIKyX04MmV0poclQ7+wjWvxQyR2A=="
    },
    "define-properties": {
      "version": "1.1.3",
      "resolved": "https://registry.npmjs.org/define-properties/-/define-properties-1.1.3.tgz",
      "integrity": "sha512-3MqfYKj2lLzdMSf8ZIZE/V+Zuy+BgD6f164e8K2w7dgnpKArBDerGYpM46IYYcjnkdPNMjPk9A6VFB8+3SKlXQ==",
      "requires": {
        "object-keys": "^1.0.12"
      }
    },
    "dom-walk": {
      "version": "0.1.1",
      "resolved": "https://registry.npmjs.org/dom-walk/-/dom-walk-0.1.1.tgz",
      "integrity": "sha1-ZyIm3HTI95mtNTB9+TaroRrNYBg="
    },
    "encoding": {
      "version": "0.1.12",
      "resolved": "https://registry.npmjs.org/encoding/-/encoding-0.1.12.tgz",
      "integrity": "sha1-U4tm8+5izRq1HsMjgp0flIDHS+s=",
      "requires": {
        "iconv-lite": "~0.4.13"
      }
    },
    "es-abstract": {
      "version": "1.13.0",
      "resolved": "https://registry.npmjs.org/es-abstract/-/es-abstract-1.13.0.tgz",
      "integrity": "sha512-vDZfg/ykNxQVwup/8E1BZhVzFfBxs9NqMzGcvIJrqg5k2/5Za2bWo40dK2J1pgLngZ7c+Shh8lwYtLGyrwPutg==",
      "requires": {
        "es-to-primitive": "^1.2.0",
        "function-bind": "^1.1.1",
        "has": "^1.0.3",
        "is-callable": "^1.1.4",
        "is-regex": "^1.0.4",
        "object-keys": "^1.0.12"
      }
    },
    "es-to-primitive": {
      "version": "1.2.0",
      "resolved": "https://registry.npmjs.org/es-to-primitive/-/es-to-primitive-1.2.0.tgz",
      "integrity": "sha512-qZryBOJjV//LaxLTV6UC//WewneB3LcXOL9NP++ozKVXsIIIpm/2c13UDiD9Jp2eThsecw9m3jPqDwTyobcdbg==",
      "requires": {
        "is-callable": "^1.1.4",
        "is-date-object": "^1.0.1",
        "is-symbol": "^1.0.2"
      }
    },
    "exif-parser": {
      "version": "0.1.12",
      "resolved": "https://registry.npmjs.org/exif-parser/-/exif-parser-0.1.12.tgz",
      "integrity": "sha1-WKnS1ywCwfbwKg70qRZicrd2CSI="
    },
    "file-type": {
      "version": "9.0.0",
      "resolved": "https://registry.npmjs.org/file-type/-/file-type-9.0.0.tgz",
      "integrity": "sha512-Qe/5NJrgIOlwijpq3B7BEpzPFcgzggOTagZmkXQY4LA6bsXKTUstK7Wp12lEJ/mLKTpvIZxmIuRcLYWT6ov9lw=="
    },
    "for-each": {
      "version": "0.3.3",
      "resolved": "https://registry.npmjs.org/for-each/-/for-each-0.3.3.tgz",
      "integrity": "sha512-jqYfLp7mo9vIyQf8ykW2v7A+2N4QjeCeI5+Dz9XraiO1ign81wjiH7Fb9vSOWvQfNtmSa4H2RoQTrrXivdUZmw==",
      "requires": {
        "is-callable": "^1.1.3"
      }
    },
    "function-bind": {
      "version": "1.1.1",
      "resolved": "https://registry.npmjs.org/function-bind/-/function-bind-1.1.1.tgz",
      "integrity": "sha512-yIovAzMX49sF8Yl58fSCWJ5svSLuaibPxXQJFLmBObTuCr0Mf1KiPopGM9NiFjiYBCbfaa2Fh6breQ6ANVTI0A=="
    },
    "global": {
      "version": "4.3.2",
      "resolved": "https://registry.npmjs.org/global/-/global-4.3.2.tgz",
      "integrity": "sha1-52mJJopsdMOJCLEwWxD8DjlOnQ8=",
      "requires": {
        "min-document": "^2.19.0",
        "process": "~0.5.1"
      }
    },
    "has": {
      "version": "1.0.3",
      "resolved": "https://registry.npmjs.org/has/-/has-1.0.3.tgz",
      "integrity": "sha512-f2dvO0VU6Oej7RkWJGrehjbzMAjFp5/VKPp5tTpWIV4JHHZK1/BxbFRtf/siA2SWTe09caDmVtYYzWEIbBS4zw==",
      "requires": {
        "function-bind": "^1.1.1"
      }
    },
    "has-symbols": {
      "version": "1.0.0",
      "resolved": "https://registry.npmjs.org/has-symbols/-/has-symbols-1.0.0.tgz",
      "integrity": "sha1-uhqPGvKg/DllD1yFA2dwQSIGO0Q="
    },
    "iconv-lite": {
      "version": "0.4.24",
      "resolved": "https://registry.npmjs.org/iconv-lite/-/iconv-lite-0.4.24.tgz",
      "integrity": "sha512-v3MXnZAcvnywkTUEZomIActle7RXXeedOR31wwl7VlyoXO4Qi9arvSenNQWne1TcRwhCL1HwLI21bEqdpj8/rA==",
      "requires": {
        "safer-buffer": ">= 2.1.2 < 3"
      }
    },
    "idb-wrapper": {
      "version": "1.7.2",
      "resolved": "https://registry.npmjs.org/idb-wrapper/-/idb-wrapper-1.7.2.tgz",
      "integrity": "sha512-zfNREywMuf0NzDo9mVsL0yegjsirJxHpKHvWcyRozIqQy89g0a3U+oBPOCN4cc0oCiOuYgZHimzaW/R46G1Mpg=="
    },
    "ieee754": {
      "version": "1.1.13",
      "resolved": "https://registry.npmjs.org/ieee754/-/ieee754-1.1.13.tgz",
      "integrity": "sha512-4vf7I2LYV/HaWerSo3XmlMkp5eZ83i+/CDluXi/IGTs/O1sejBNhTtnxzmRZfvOUqj7lZjqHkeTvpgSFDlWZTg=="
    },
    "is-callable": {
      "version": "1.1.4",
      "resolved": "https://registry.npmjs.org/is-callable/-/is-callable-1.1.4.tgz",
      "integrity": "sha512-r5p9sxJjYnArLjObpjA4xu5EKI3CuKHkJXMhT7kwbpUyIFD1n5PMAsoPvWnvtZiNz7LjkYDRZhd7FlI0eMijEA=="
    },
    "is-date-object": {
      "version": "1.0.1",
      "resolved": "https://registry.npmjs.org/is-date-object/-/is-date-object-1.0.1.tgz",
      "integrity": "sha1-mqIOtq7rv/d/vTPnTKAbM1gdOhY="
    },
    "is-function": {
      "version": "1.0.1",
      "resolved": "https://registry.npmjs.org/is-function/-/is-function-1.0.1.tgz",
      "integrity": "sha1-Es+5i2W1fdPRk6MSH19uL0N2ArU="
    },
    "is-regex": {
      "version": "1.0.4",
      "resolved": "https://registry.npmjs.org/is-regex/-/is-regex-1.0.4.tgz",
      "integrity": "sha1-VRdIm1RwkbCTDglWVM7SXul+lJE=",
      "requires": {
        "has": "^1.0.1"
      }
    },
    "is-stream": {
      "version": "1.1.0",
      "resolved": "https://registry.npmjs.org/is-stream/-/is-stream-1.1.0.tgz",
      "integrity": "sha1-EtSj3U5o4Lec6428hBc66A2RykQ="
    },
    "is-symbol": {
      "version": "1.0.2",
      "resolved": "https://registry.npmjs.org/is-symbol/-/is-symbol-1.0.2.tgz",
      "integrity": "sha512-HS8bZ9ox60yCJLH9snBpIwv9pYUAkcuLhSA1oero1UB5y9aiQpRA8y2ex945AOtCZL1lJDeIk3G5LthswI46Lw==",
      "requires": {
        "has-symbols": "^1.0.0"
      }
    },
    "is-url": {
      "version": "1.2.2",
      "resolved": "https://registry.npmjs.org/is-url/-/is-url-1.2.2.tgz",
      "integrity": "sha1-SYkFpZO/R8wtnn9zg3K792lsfyY="
    },
    "isbuffer": {
      "version": "0.0.0",
      "resolved": "https://registry.npmjs.org/isbuffer/-/isbuffer-0.0.0.tgz",
      "integrity": "sha1-OMFG2d9Si4v5sHAcPUPPEt8/w5s="
    },
    "isomorphic-fetch": {
      "version": "2.2.1",
      "resolved": "https://registry.npmjs.org/isomorphic-fetch/-/isomorphic-fetch-2.2.1.tgz",
      "integrity": "sha1-YRrhrPFPXoH3KVB0coGf6XM1WKk=",
      "requires": {
        "node-fetch": "^1.0.1",
        "whatwg-fetch": ">=0.10.0"
      }
    },
    "jimp": {
      "version": "0.6.4",
      "resolved": "https://registry.npmjs.org/jimp/-/jimp-0.6.4.tgz",
      "integrity": "sha512-WQVMoNhkcq/fgthZOWeMdIguCVPg+t4PDFfSxvbNcrECwl8eq3/Ou2whcFWWjyW45m43yAJEY2UT7acDKl6uSQ==",
      "requires": {
        "@babel/polyfill": "^7.0.0",
        "@jimp/custom": "^0.6.4",
        "@jimp/plugins": "^0.6.4",
        "@jimp/types": "^0.6.4",
        "core-js": "^2.5.7"
      }
    },
    "jpeg-js": {
      "version": "0.3.5",
      "resolved": "https://registry.npmjs.org/jpeg-js/-/jpeg-js-0.3.5.tgz",
      "integrity": "sha512-hvaExqwmQDS8O9qnZAVDXGWU43Tbu1V0wMZmjROjT11jloSgGICZpscG+P6Nyi1BVAvyu2ARRx8qmEW30sxgdQ=="
    },
    "level-js": {
      "version": "2.2.4",
      "resolved": "https://registry.npmjs.org/level-js/-/level-js-2.2.4.tgz",
      "integrity": "sha1-vAVfQYBjXUSJtWHJSG+jcOjBFpc=",
      "requires": {
        "abstract-leveldown": "~0.12.0",
        "idb-wrapper": "^1.5.0",
        "isbuffer": "~0.0.0",
        "ltgt": "^2.1.2",
        "typedarray-to-buffer": "~1.0.0",
        "xtend": "~2.1.2"
      },
      "dependencies": {
        "object-keys": {
          "version": "0.4.0",
          "resolved": "https://registry.npmjs.org/object-keys/-/object-keys-0.4.0.tgz",
          "integrity": "sha1-KKaq50KN0sOpLz2V8hM13SBOAzY="
        },
        "xtend": {
          "version": "2.1.2",
          "resolved": "https://registry.npmjs.org/xtend/-/xtend-2.1.2.tgz",
          "integrity": "sha1-bv7MKk2tjmlixJAbM3znuoe10os=",
          "requires": {
            "object-keys": "~0.4.0"
          }
        }
      }
    },
    "load-bmfont": {
      "version": "1.4.0",
      "resolved": "https://registry.npmjs.org/load-bmfont/-/load-bmfont-1.4.0.tgz",
      "integrity": "sha512-kT63aTAlNhZARowaNYcY29Fn/QYkc52M3l6V1ifRcPewg2lvUZDAj7R6dXjOL9D0sict76op3T5+odumDSF81g==",
      "requires": {
        "buffer-equal": "0.0.1",
        "mime": "^1.3.4",
        "parse-bmfont-ascii": "^1.0.3",
        "parse-bmfont-binary": "^1.0.5",
        "parse-bmfont-xml": "^1.1.4",
        "phin": "^2.9.1",
        "xhr": "^2.0.1",
        "xtend": "^4.0.0"
      }
    },
    "ltgt": {
      "version": "2.2.1",
      "resolved": "https://registry.npmjs.org/ltgt/-/ltgt-2.2.1.tgz",
      "integrity": "sha1-81ypHEk/e3PaDgdJUwTxezH4fuU="
    },
    "mime": {
      "version": "1.6.0",
      "resolved": "https://registry.npmjs.org/mime/-/mime-1.6.0.tgz",
      "integrity": "sha512-x0Vn8spI+wuJ1O6S7gnbaQg8Pxh4NNHb7KSINmEWKiPE4RKOplvijn+NkmYmmRgP68mc70j2EbeTFRsrswaQeg=="
    },
    "min-document": {
      "version": "2.19.0",
      "resolved": "https://registry.npmjs.org/min-document/-/min-document-2.19.0.tgz",
      "integrity": "sha1-e9KC4/WELtKVu3SM3Z8f+iyCRoU=",
      "requires": {
        "dom-walk": "^0.1.0"
      }
    },
    "minimist": {
      "version": "0.0.8",
      "resolved": "https://registry.npmjs.org/minimist/-/minimist-0.0.8.tgz",
      "integrity": "sha1-hX/Kv8M5fSYluCKCYuhqp6ARsF0="
    },
    "mkdirp": {
      "version": "0.5.1",
      "resolved": "https://registry.npmjs.org/mkdirp/-/mkdirp-0.5.1.tgz",
      "integrity": "sha1-MAV0OOrGz3+MR2fzhkjWaX11yQM=",
      "requires": {
        "minimist": "0.0.8"
      }
    },
    "node-fetch": {
      "version": "1.7.3",
      "resolved": "https://registry.npmjs.org/node-fetch/-/node-fetch-1.7.3.tgz",
      "integrity": "sha512-NhZ4CsKx7cYm2vSrBAr2PvFOe6sWDf0UYLRqA6svUYg7+/TSfVAu49jYC4BvQ4Sms9SZgdqGBgroqfDhJdTyKQ==",
      "requires": {
        "encoding": "^0.1.11",
        "is-stream": "^1.0.1"
      }
    },
    "object-assign": {
      "version": "4.1.1",
      "resolved": "https://registry.npmjs.org/object-assign/-/object-assign-4.1.1.tgz",
      "integrity": "sha1-IQmtx5ZYh8/AXLvUQsrIv7s2CGM="
    },
    "object-keys": {
      "version": "1.1.1",
      "resolved": "https://registry.npmjs.org/object-keys/-/object-keys-1.1.1.tgz",
      "integrity": "sha512-NuAESUOUMrlIXOfHKzD6bpPu3tYt3xvjNdRIQ+FeT0lNb4K8WR70CaDxhuNguS2XG+GjkyMwOzsN5ZktImfhLA=="
    },
    "omggif": {
      "version": "1.0.9",
      "resolved": "https://registry.npmjs.org/omggif/-/omggif-1.0.9.tgz",
      "integrity": "sha1-3LcCTazVDFK00wPwSALJHAV8dl8="
    },
    "pako": {
      "version": "1.0.10",
      "resolved": "https://registry.npmjs.org/pako/-/pako-1.0.10.tgz",
      "integrity": "sha512-0DTvPVU3ed8+HNXOu5Bs+o//Mbdj9VNQMUOe9oKCwh8l0GNwpTDMKCWbRjgtD291AWnkAgkqA/LOnQS8AmS1tw=="
    },
    "parse-bmfont-ascii": {
      "version": "1.0.6",
      "resolved": "https://registry.npmjs.org/parse-bmfont-ascii/-/parse-bmfont-ascii-1.0.6.tgz",
      "integrity": "sha1-Eaw8P/WPfCAgqyJ2kHkQjU36AoU="
    },
    "parse-bmfont-binary": {
      "version": "1.0.6",
      "resolved": "https://registry.npmjs.org/parse-bmfont-binary/-/parse-bmfont-binary-1.0.6.tgz",
      "integrity": "sha1-0Di0dtPp3Z2x4RoLDlOiJ5K2kAY="
    },
    "parse-bmfont-xml": {
      "version": "1.1.4",
      "resolved": "https://registry.npmjs.org/parse-bmfont-xml/-/parse-bmfont-xml-1.1.4.tgz",
      "integrity": "sha512-bjnliEOmGv3y1aMEfREMBJ9tfL3WR0i0CKPj61DnSLaoxWR3nLrsQrEbCId/8rF4NyRF0cCqisSVXyQYWM+mCQ==",
      "requires": {
        "xml-parse-from-string": "^1.0.0",
        "xml2js": "^0.4.5"
      }
    },
    "parse-headers": {
      "version": "2.0.2",
      "resolved": "https://registry.npmjs.org/parse-headers/-/parse-headers-2.0.2.tgz",
      "integrity": "sha512-/LypJhzFmyBIDYP9aDVgeyEb5sQfbfY5mnDq4hVhlQ69js87wXfmEI5V3xI6vvXasqebp0oCytYFLxsBVfCzSg==",
      "requires": {
        "for-each": "^0.3.3",
        "string.prototype.trim": "^1.1.2"
      }
    },
    "phin": {
      "version": "2.9.3",
      "resolved": "https://registry.npmjs.org/phin/-/phin-2.9.3.tgz",
      "integrity": "sha512-CzFr90qM24ju5f88quFC/6qohjC144rehe5n6DH900lgXmUe86+xCKc10ev56gRKC4/BkHUoG4uSiQgBiIXwDA=="
    },
    "pixelmatch": {
      "version": "4.0.2",
      "resolved": "https://registry.npmjs.org/pixelmatch/-/pixelmatch-4.0.2.tgz",
      "integrity": "sha1-j0fc7FARtHe2fbA8JDvB8wheiFQ=",
      "requires": {
        "pngjs": "^3.0.0"
      }
    },
    "png.js": {
      "version": "0.2.1",
      "resolved": "https://registry.npmjs.org/png.js/-/png.js-0.2.1.tgz",
      "integrity": "sha1-2muDwTS9wQGUDZqxyY6RVK/7sfI="
    },
    "pngjs": {
      "version": "3.4.0",
      "resolved": "https://registry.npmjs.org/pngjs/-/pngjs-3.4.0.tgz",
      "integrity": "sha512-NCrCHhWmnQklfH4MtJMRjZ2a8c80qXeMlQMv2uVp9ISJMTt562SbGd6n2oq0PaPgKm7Z6pL9E2UlLIhC+SHL3w=="
    },
    "process": {
      "version": "0.5.2",
      "resolved": "https://registry.npmjs.org/process/-/process-0.5.2.tgz",
      "integrity": "sha1-FjjYqONML0QKkduVq5rrZ3/Bhc8="
    },
    "regenerator-runtime": {
      "version": "0.13.2",
      "resolved": "https://registry.npmjs.org/regenerator-runtime/-/regenerator-runtime-0.13.2.tgz",
      "integrity": "sha512-S/TQAZJO+D3m9xeN1WTI8dLKBBiRgXBlTJvbWjCThHWZj9EvHK70Ff50/tYj2J/fvBY6JtFVwRuazHN2E7M9BA=="
    },
    "safer-buffer": {
      "version": "2.1.2",
      "resolved": "https://registry.npmjs.org/safer-buffer/-/safer-buffer-2.1.2.tgz",
      "integrity": "sha512-YZo3K82SD7Riyi0E1EQPojLz7kpepnSQI9IyPbHHg1XXXevb5dJI7tpyN2ADxGcQbHG7vcyRHk0cbwqcQriUtg=="
    },
    "sax": {
      "version": "1.2.4",
      "resolved": "https://registry.npmjs.org/sax/-/sax-1.2.4.tgz",
      "integrity": "sha512-NqVDv9TpANUjFm0N8uM5GxL36UgKi9/atZw+x7YFnQ8ckwFGKrl4xX4yWtrey3UJm5nP1kUbnYgLopqWNSRhWw=="
    },
    "string.prototype.trim": {
      "version": "1.1.2",
      "resolved": "https://registry.npmjs.org/string.prototype.trim/-/string.prototype.trim-1.1.2.tgz",
      "integrity": "sha1-0E3iyJ4Tf019IG8Ia17S+ua+jOo=",
      "requires": {
        "define-properties": "^1.1.2",
        "es-abstract": "^1.5.0",
        "function-bind": "^1.0.2"
      }
    },
    "tesseract.js": {
      "version": "1.0.19",
      "resolved": "https://registry.npmjs.org/tesseract.js/-/tesseract.js-1.0.19.tgz",
      "integrity": "sha512-UXnCd2GkDOuVwPYv8MryzDwXEPLJ/BjEuT76PWzVC8XhZbsChRkpoiKDSGDbZ2BW2rwg1yBWJ0joSdCTw1umBA==",
      "requires": {
        "file-type": "^3.8.0",
        "is-url": "1.2.2",
        "isomorphic-fetch": "^2.2.1",
        "jpeg-js": "^0.2.0",
        "level-js": "^2.2.4",
        "node-fetch": "^1.6.3",
        "object-assign": "^4.1.0",
        "png.js": "^0.2.1",
        "tesseract.js-core": "^1.0.2"
      },
      "dependencies": {
        "file-type": {
          "version": "3.9.0",
          "resolved": "https://registry.npmjs.org/file-type/-/file-type-3.9.0.tgz",
          "integrity": "sha1-JXoHg4TR24CHvESdEH1SpSZyuek="
        },
        "jpeg-js": {
          "version": "0.2.0",
          "resolved": "https://registry.npmjs.org/jpeg-js/-/jpeg-js-0.2.0.tgz",
          "integrity": "sha1-U+RI7J0mPmgyZkZ+lELSxaLvVII="
        }
      }
    },
    "tesseract.js-core": {
      "version": "1.0.2",
      "resolved": "https://registry.npmjs.org/tesseract.js-core/-/tesseract.js-core-1.0.2.tgz",
      "integrity": "sha1-HOM6KdyBI1e4NWow7e34sYgEOzc="
    },
    "timm": {
      "version": "1.6.1",
      "resolved": "https://registry.npmjs.org/timm/-/timm-1.6.1.tgz",
      "integrity": "sha512-hqDTYi/bWuDxL2i6T3v6nrvkAQ/1Bc060GSkVEQZp02zTSTB4CHSKsOkliequCftQaNRcjRqUZmpGWs5FfhrNg=="
    },
    "tinycolor2": {
      "version": "1.4.1",
      "resolved": "https://registry.npmjs.org/tinycolor2/-/tinycolor2-1.4.1.tgz",
      "integrity": "sha1-9PrTM0R7wLB9TcjpIJ2POaisd+g="
    },
    "typedarray-to-buffer": {
      "version": "1.0.4",
      "resolved": "https://registry.npmjs.org/typedarray-to-buffer/-/typedarray-to-buffer-1.0.4.tgz",
      "integrity": "sha1-m7i6DoQfs/TPH+fCRenz+opf6Zw="
    },
    "utif": {
      "version": "2.0.1",
      "resolved": "https://registry.npmjs.org/utif/-/utif-2.0.1.tgz",
      "integrity": "sha512-Z/S1fNKCicQTf375lIP9G8Sa1H/phcysstNrrSdZKj1f9g58J4NMgb5IgiEZN9/nLMPDwF0W7hdOe9Qq2IYoLg==",
      "requires": {
        "pako": "^1.0.5"
      }
    },
    "whatwg-fetch": {
      "version": "3.0.0",
      "resolved": "https://registry.npmjs.org/whatwg-fetch/-/whatwg-fetch-3.0.0.tgz",
      "integrity": "sha512-9GSJUgz1D4MfyKU7KRqwOjXCXTqWdFNvEr7eUBYchQiVc744mqK/MzXPNR2WsPkmkOa4ywfg8C2n8h+13Bey1Q=="
    },
    "xhr": {
      "version": "2.5.0",
      "resolved": "https://registry.npmjs.org/xhr/-/xhr-2.5.0.tgz",
      "integrity": "sha512-4nlO/14t3BNUZRXIXfXe+3N6w3s1KoxcJUUURctd64BLRe67E4gRwp4PjywtDY72fXpZ1y6Ch0VZQRY/gMPzzQ==",
      "requires": {
        "global": "~4.3.0",
        "is-function": "^1.0.1",
        "parse-headers": "^2.0.0",
        "xtend": "^4.0.0"
      }
    },
    "xml-parse-from-string": {
      "version": "1.0.1",
      "resolved": "https://registry.npmjs.org/xml-parse-from-string/-/xml-parse-from-string-1.0.1.tgz",
      "integrity": "sha1-qQKekp09vN7RafPG4oI42VpdWig="
    },
    "xml2js": {
      "version": "0.4.19",
      "resolved": "https://registry.npmjs.org/xml2js/-/xml2js-0.4.19.tgz",
      "integrity": "sha512-esZnJZJOiJR9wWKMyuvSE1y6Dq5LCuJanqhxslH2bxM6duahNZ+HMpCLhBQGZkbX6xRf8x1Y2eJlgt2q3qo49Q==",
      "requires": {
        "sax": ">=0.6.0",
        "xmlbuilder": "~9.0.1"
      }
    },
    "xmlbuilder": {
      "version": "9.0.7",
      "resolved": "https://registry.npmjs.org/xmlbuilder/-/xmlbuilder-9.0.7.tgz",
      "integrity": "sha1-Ey7mPS7FVlxVfiD0wi35rKaGsQ0="
    },
    "xtend": {
      "version": "4.0.2",
      "resolved": "https://registry.npmjs.org/xtend/-/xtend-4.0.2.tgz",
      "integrity": "sha512-LKYU1iAXJXUgAXn9URjiu+MWhyUXHsvfp7mcuYm9dSUKK0/CjtrUwFAxD82/mCWbtLsGjFIad0wIsod4zrTAEQ=="
    }
  }
}
